
Microsoft Visual Studio Solution File, Format Version 12.00
# Visual Studio Version 17
VisualStudioVersion = 17.5.33424.131
MinimumVisualStudioVersion = 10.0.40219.1
Project("{8BC9CEB8-8B4A-11D0-8D11-00A0C91BC942}") = "AutoExecSRB2", "AutoExecSRB2\AutoExecSRB2.vcxproj", "{774C313A-20E7-49E7-BEEE-227919A7B323}"
EndProject
Global
	GlobalSection(SolutionConfigurationPlatforms) = preSolution
		Debug|x64 = Debug|x64
		Debug|x86 = Debug|x86
		Release|x64 = Release|x64
		Release|x86 = Release|x86
	EndGlobalSection
	GlobalSection(ProjectConfigurationPlatforms) = postSolution
		{774C313A-20E7-49E7-BEEE-227919A7B323}.Debug|x64.ActiveCfg = Debug|x64
		{774C313A-20E7-49E7-BEEE-227919A7B323}.Debug|x64.Build.0 = Debug|x64
		{774C313A-20E7-49E7-BEEE-227919A7B323}.Debug|x86.ActiveCfg = Debug|Win32
		{774C313A-20E7-49E7-BEEE-227919A7B323}.Debug|x86.Build.0 = Debug|Win32
		{774C313A-20E7-49E7-BEEE-227919A7B323}.Release|x64.ActiveCfg = Release|x64
		{774C313A-20E7-49E7-BEEE-227919A7B323}.Release|x64.Build.0 = Release|x64
		{774C313A-20E7-49E7-BEEE-227919A7B323}.Release|x86.ActiveCfg = Release|Win32
		{774C313A-20E7-49E7-BEEE-227919A7B323}.Release|x86.Build.0 = Release|Win32
	EndGlobalSection
	GlobalSection(SolutionProperties) = preSolution
		HideSolutionNode = FALSE
	EndGlobalSection
	GlobalSection(ExtensibilityGlobals) = postSolution
		SolutionGuid = {F3D2C330-AE2E-4EC1-92A5-4C62F34B4E89}
	EndGlobalSection
EndGlobal
